
Microsoft Visual Studio Solution File, Format Version 12.00
# Visual Studio 15
VisualStudioVersion = 15.0.27004.2005
MinimumVisualStudioVersion = 10.0.40219.1
Project("{FAE04EC0-301F-11D3-BF4B-00C04F79EFBC}") = "10.1.25(forms)", "10.1.25(forms)\10.1.25(forms).csproj", "{50AEB0C9-BBFD-41E8-8DAF-78C9B10073A0}"
EndProject
Project("{FAE04EC0-301F-11D3-BF4B-00C04F79EFBC}") = "10.1.25(cs)", "10.1.25(cs)\10.1.25(cs).csproj", "{1D8AEFD3-307E-4183-8E3A-653AB40E0CC2}"
EndProject
Project("{FAE04EC0-301F-11D3-BF4B-00C04F79EFBC}") = "LibraryCs", "LibraryCs\LibraryCs.csproj", "{23F7B236-6004-4B6F-B8E2-99C807938EDD}"
EndProject
Project("{FAE04EC0-301F-11D3-BF4B-00C04F79EFBC}") = "LibraryLogic", "LibraryLogic\LibraryLogic.csproj", "{4430513B-223A-41CC-B269-B7C6ADA9FE12}"
EndProject
Project("{FAE04EC0-301F-11D3-BF4B-00C04F79EFBC}") = "LibraryInterfaceUtils", "LibraryInterfaceUtils\LibraryInterfaceUtils.csproj", "{921710FC-892F-497D-88C6-5B6CF6A3C711}"
EndProject
Global
	GlobalSection(SolutionConfigurationPlatforms) = preSolution
		Debug|Any CPU = Debug|Any CPU
		Release|Any CPU = Release|Any CPU
	EndGlobalSection
	GlobalSection(ProjectConfigurationPlatforms) = postSolution
		{50AEB0C9-BBFD-41E8-8DAF-78C9B10073A0}.Debug|Any CPU.ActiveCfg = Debug|Any CPU
		{50AEB0C9-BBFD-41E8-8DAF-78C9B10073A0}.Debug|Any CPU.Build.0 = Debug|Any CPU
		{50AEB0C9-BBFD-41E8-8DAF-78C9B10073A0}.Release|Any CPU.ActiveCfg = Release|Any CPU
		{50AEB0C9-BBFD-41E8-8DAF-78C9B10073A0}.Release|Any CPU.Build.0 = Release|Any CPU
		{1D8AEFD3-307E-4183-8E3A-653AB40E0CC2}.Debug|Any CPU.ActiveCfg = Debug|Any CPU
		{1D8AEFD3-307E-4183-8E3A-653AB40E0CC2}.Debug|Any CPU.Build.0 = Debug|Any CPU
		{1D8AEFD3-307E-4183-8E3A-653AB40E0CC2}.Release|Any CPU.ActiveCfg = Release|Any CPU
		{1D8AEFD3-307E-4183-8E3A-653AB40E0CC2}.Release|Any CPU.Build.0 = Release|Any CPU
		{23F7B236-6004-4B6F-B8E2-99C807938EDD}.Debug|Any CPU.ActiveCfg = Debug|Any CPU
		{23F7B236-6004-4B6F-B8E2-99C807938EDD}.Debug|Any CPU.Build.0 = Debug|Any CPU
		{23F7B236-6004-4B6F-B8E2-99C807938EDD}.Release|Any CPU.ActiveCfg = Release|Any CPU
		{23F7B236-6004-4B6F-B8E2-99C807938EDD}.Release|Any CPU.Build.0 = Release|Any CPU
		{4430513B-223A-41CC-B269-B7C6ADA9FE12}.Debug|Any CPU.ActiveCfg = Debug|Any CPU
		{4430513B-223A-41CC-B269-B7C6ADA9FE12}.Debug|Any CPU.Build.0 = Debug|Any CPU
		{4430513B-223A-41CC-B269-B7C6ADA9FE12}.Release|Any CPU.ActiveCfg = Release|Any CPU
		{4430513B-223A-41CC-B269-B7C6ADA9FE12}.Release|Any CPU.Build.0 = Release|Any CPU
		{921710FC-892F-497D-88C6-5B6CF6A3C711}.Debug|Any CPU.ActiveCfg = Debug|Any CPU
		{921710FC-892F-497D-88C6-5B6CF6A3C711}.Debug|Any CPU.Build.0 = Debug|Any CPU
		{921710FC-892F-497D-88C6-5B6CF6A3C711}.Release|Any CPU.ActiveCfg = Release|Any CPU
		{921710FC-892F-497D-88C6-5B6CF6A3C711}.Release|Any CPU.Build.0 = Release|Any CPU
	EndGlobalSection
	GlobalSection(SolutionProperties) = preSolution
		HideSolutionNode = FALSE
	EndGlobalSection
	GlobalSection(ExtensibilityGlobals) = postSolution
		SolutionGuid = {D3B5B268-81E6-4054-96FF-E0AF628D590A}
	EndGlobalSection
EndGlobal
